
Microsoft Visual Studio Solution File, Format Version 12.00
# Visual Studio Version 16
VisualStudioVersion = 16.0.32602.291
MinimumVisualStudioVersion = 10.0.40219.1
Project("{9A19103F-16F7-4668-BE54-9A1E7A4F7556}") = "WebApplication7", "WebApplication7\WebApplication7.csproj", "{5D5B2507-6536-4C2A-875F-7C67D3579274}"
EndProject
Project("{9A19103F-16F7-4668-BE54-9A1E7A4F7556}") = "Currency.Data", "Currency.Data\Currency.Data.csproj", "{38FBDE99-62C3-4386-B1C4-B8CDBA00CB6E}"
EndProject
Project("{FAE04EC0-301F-11D3-BF4B-00C04F79EFBC}") = "CurrencyManagerAppTests", "CurrencyManagerAppTests\CurrencyManagerAppTests.csproj", "{4690A405-2586-4395-A7D7-08DC9D2D41D1}"
EndProject
Global
	GlobalSection(SolutionConfigurationPlatforms) = preSolution
		Debug|Any CPU = Debug|Any CPU
		Release|Any CPU = Release|Any CPU
	EndGlobalSection
	GlobalSection(ProjectConfigurationPlatforms) = postSolution
		{5D5B2507-6536-4C2A-875F-7C67D3579274}.Debug|Any CPU.ActiveCfg = Debug|Any CPU
		{5D5B2507-6536-4C2A-875F-7C67D3579274}.Debug|Any CPU.Build.0 = Debug|Any CPU
		{5D5B2507-6536-4C2A-875F-7C67D3579274}.Release|Any CPU.ActiveCfg = Release|Any CPU
		{5D5B2507-6536-4C2A-875F-7C67D3579274}.Release|Any CPU.Build.0 = Release|Any CPU
		{38FBDE99-62C3-4386-B1C4-B8CDBA00CB6E}.Debug|Any CPU.ActiveCfg = Debug|Any CPU
		{38FBDE99-62C3-4386-B1C4-B8CDBA00CB6E}.Debug|Any CPU.Build.0 = Debug|Any CPU
		{38FBDE99-62C3-4386-B1C4-B8CDBA00CB6E}.Release|Any CPU.ActiveCfg = Release|Any CPU
		{38FBDE99-62C3-4386-B1C4-B8CDBA00CB6E}.Release|Any CPU.Build.0 = Release|Any CPU
		{4690A405-2586-4395-A7D7-08DC9D2D41D1}.Debug|Any CPU.ActiveCfg = Debug|Any CPU
		{4690A405-2586-4395-A7D7-08DC9D2D41D1}.Debug|Any CPU.Build.0 = Debug|Any CPU
		{4690A405-2586-4395-A7D7-08DC9D2D41D1}.Release|Any CPU.ActiveCfg = Release|Any CPU
		{4690A405-2586-4395-A7D7-08DC9D2D41D1}.Release|Any CPU.Build.0 = Release|Any CPU
	EndGlobalSection
	GlobalSection(SolutionProperties) = preSolution
		HideSolutionNode = FALSE
	EndGlobalSection
	GlobalSection(ExtensibilityGlobals) = postSolution
		SolutionGuid = {676FB598-DCD5-4F1B-ACE3-AF3CF0829FEC}
	EndGlobalSection
EndGlobal
